<?xml version="1.0" encoding="utf-8"?>
<Project ToolsVersion="4.0" xmlns="http://schemas.microsoft.com/developer/msbuild/2003">
  <ItemGroup>
    <ClCompile Include="main.cpp" />
    <ClCompile Include="pirateApp.cpp" />
    <ClCompile Include="GeneratedFiles\qrc_pirateApp.cpp">
      <Filter>ui</Filter>
    </ClCompile>
    <ClCompile Include="GeneratedFiles\Debug\moc_pirateApp.cpp">
      <Filter>ui</Filter>
    </ClCompile>
    <ClCompile Include="classes\people\pirate.cpp">
      <Filter>classes\people</Filter>
    </ClCompile>
    <ClCompile Include="classes\people\person.cpp">
      <Filter>classes\people</Filter>
    </ClCompile>
    <ClCompile Include="core\xml\xml_manager.cpp">
      <Filter>core\xml</Filter>
    </ClCompile>
    <ClCompile Include="singletons\game_data.cpp">
      <Filter>singletons</Filter>
    </ClCompile>
    <ClCompile Include="core\console\console.cpp">
      <Filter>core\console</Filter>
    </ClCompile>
  </ItemGroup>
  <ItemGroup>
    <ClInclude Include="GeneratedFiles\ui_pirateApp.h">
      <Filter>ui</Filter>
    </ClInclude>
    <ClInclude Include="core\xml\xml_manager.h">
      <Filter>core\xml</Filter>
    </ClInclude>
    <ClInclude Include="classes\people\pirate.h">
      <Filter>classes\people</Filter>
    </ClInclude>
    <ClInclude Include="classes\people\person.h">
      <Filter>classes\people</Filter>
    </ClInclude>
    <ClInclude Include="core\definitions\parameter_defs.h">
      <Filter>core\definitions</Filter>
    </ClInclude>
    <ClInclude Include="singletons\game_data.h">
      <Filter>singletons</Filter>
    </ClInclude>
    <ClInclude Include="core\console\console.h">
      <Filter>core\console</Filter>
    </ClInclude>
  </ItemGroup>
  <ItemGroup>
    <CustomBuild Include="pirateApp.h" />
    <CustomBuild Include="pirateApp.qrc">
      <Filter>ui</Filter>
    </CustomBuild>
    <CustomBuild Include="pirateApp.ui">
      <Filter>ui\qt_design</Filter>
    </CustomBuild>
  </ItemGroup>
  <ItemGroup>
    <Filter Include="classes">
      <UniqueIdentifier>{3597ff27-3f3f-4f63-a585-0fdc43023619}</UniqueIdentifier>
    </Filter>
    <Filter Include="classes\people">
      <UniqueIdentifier>{7a7403d2-a214-4bd6-a714-c5c6b250521b}</UniqueIdentifier>
    </Filter>
    <Filter Include="ui">
      <UniqueIdentifier>{d36463a0-0ebd-4875-bf0c-3464ffd39ad9}</UniqueIdentifier>
    </Filter>
    <Filter Include="core">
      <UniqueIdentifier>{51529702-dad1-473d-b99b-04f655e3b23f}</UniqueIdentifier>
    </Filter>
    <Filter Include="core\definitions">
      <UniqueIdentifier>{35dc6eae-e25e-4642-99c1-77f71ed5edeb}</UniqueIdentifier>
    </Filter>
    <Filter Include="ui\qt_design">
      <UniqueIdentifier>{dfedb09e-4c9c-4294-999b-f567d5a3ac24}</UniqueIdentifier>
    </Filter>
    <Filter Include="singletons">
      <UniqueIdentifier>{5083bc9a-9486-49bd-b31f-bb069ae5044e}</UniqueIdentifier>
    </Filter>
    <Filter Include="core\xml">
      <UniqueIdentifier>{d287ba6b-8adb-45e2-9414-78b9289b8863}</UniqueIdentifier>
    </Filter>
    <Filter Include="Generated Files">
      <UniqueIdentifier>{71ED8ED8-ACB9-4CE9-BBE1-E00B30144E11}</UniqueIdentifier>
      <Extensions>moc;h;cpp</Extensions>
      <ParseFiles>true</ParseFiles>
    </Filter>
    <Filter Include="Generated Files\Debug">
      <UniqueIdentifier>{68645dfd-84ac-4384-b000-36278bf793f3}</UniqueIdentifier>
      <Extensions>cpp;moc</Extensions>
      <SourceControlFiles>False</SourceControlFiles>
    </Filter>
    <Filter Include="core\console">
      <UniqueIdentifier>{227d79af-2c92-4c22-bfe3-0ca8ce7f567e}</UniqueIdentifier>
    </Filter>
  </ItemGroup>
</Project>